	<Project xmlns="http://schemas.microsoft.com/developer/msbuild/2003">
		<PropertyGroup>
			<ProjectGuid>{DDF24032-3824-4D3C-99CF-C1C6157C0EFF}</ProjectGuid>
			<ProjectVersion>12.2</ProjectVersion>
			<MainSource>bot.dpr</MainSource>
			<Base>True</Base>
			<Config Condition="'$(Config)'==''">Release</Config>
			<Platform>Win32</Platform>
			<AppType>Application</AppType>
			<FrameworkType>VCL</FrameworkType>
			<DCC_DCCCompiler>DCC32</DCC_DCCCompiler>
		</PropertyGroup>
		<PropertyGroup Condition="'$(Config)'=='Base' or '$(Base)'!=''">
			<Base>true</Base>
		</PropertyGroup>
		<PropertyGroup Condition="'$(Config)'=='Debug' or '$(Cfg_1)'!=''">
			<Cfg_1>true</Cfg_1>
			<CfgParent>Base</CfgParent>
			<Base>true</Base>
		</PropertyGroup>
		<PropertyGroup Condition="'$(Config)'=='Release' or '$(Cfg_2)'!=''">
			<Cfg_2>true</Cfg_2>
			<CfgParent>Base</CfgParent>
			<Base>true</Base>
		</PropertyGroup>
		<PropertyGroup Condition="'$(Base)'!=''">
			<DCC_UsePackage>vclx;vcl;VclSmp;rtl;vclimg;vclie;xmlrtl;inet;IndyProtocols;inetdbbde;inetdbxpress</DCC_UsePackage>
			<DCC_ImageBase>00400000</DCC_ImageBase>
			<DCC_DcuOutput>.\$(Config)\$(Platform)</DCC_DcuOutput>
			<DCC_UnitAlias>WinTypes=Windows;WinProcs=Windows;DbiTypes=BDE;DbiProcs=BDE;$(DCC_UnitAlias)</DCC_UnitAlias>
			<DCC_ExeOutput>.\$(Config)\$(Platform)</DCC_ExeOutput>
		</PropertyGroup>
		<PropertyGroup Condition="'$(Cfg_1)'!=''">
			<DCC_Define>DEBUG;$(DCC_Define)</DCC_Define>
			<DCC_Optimize>false</DCC_Optimize>
			<DCC_GenerateStackFrames>true</DCC_GenerateStackFrames>
		</PropertyGroup>
		<PropertyGroup Condition="'$(Cfg_2)'!=''">
			<DCC_LocalDebugSymbols>false</DCC_LocalDebugSymbols>
			<DCC_Define>RELEASE;$(DCC_Define)</DCC_Define>
			<DCC_SymbolReferenceInfo>0</DCC_SymbolReferenceInfo>
			<DCC_DebugInformation>false</DCC_DebugInformation>
		</PropertyGroup>
		<ItemGroup>
			<DelphiCompile Include="bot.dpr">
				<MainSource>MainSource</MainSource>
			</DelphiCompile>
			<DCCReference Include="Main.pas">
				<Form>MainForm</Form>
			</DCCReference>
			<DCCReference Include="Settings.pas">
				<Form>SettingsForm</Form>
			</DCCReference>
			<BuildConfiguration Include="Release">
				<Key>Cfg_2</Key>
				<CfgParent>Base</CfgParent>
			</BuildConfiguration>
			<BuildConfiguration Include="Base">
				<Key>Base</Key>
			</BuildConfiguration>
			<BuildConfiguration Include="Debug">
				<Key>Cfg_1</Key>
				<CfgParent>Base</CfgParent>
			</BuildConfiguration>
		</ItemGroup>
		<Import Condition="Exists('$(BDS)\Bin\CodeGear.Delphi.Targets')" Project="$(BDS)\Bin\CodeGear.Delphi.Targets"/>
		<Import Condition="Exists('$(APPDATA)\Embarcadero\$(BDSAPPDATABASEDIR)\8.0\UserTools.proj')" Project="$(APPDATA)\Embarcadero\$(BDSAPPDATABASEDIR)\8.0\UserTools.proj"/>
		<ProjectExtensions>
			<Borland.Personality>Delphi.Personality.12</Borland.Personality>
			<Borland.ProjectType/>
			<BorlandProject>
				<Delphi.Personality>
					<VersionInfo>
						<VersionInfo Name="IncludeVerInfo">False</VersionInfo>
						<VersionInfo Name="AutoIncBuild">False</VersionInfo>
						<VersionInfo Name="MajorVer">1</VersionInfo>
						<VersionInfo Name="MinorVer">0</VersionInfo>
						<VersionInfo Name="Release">0</VersionInfo>
						<VersionInfo Name="Build">0</VersionInfo>
						<VersionInfo Name="Debug">False</VersionInfo>
						<VersionInfo Name="PreRelease">False</VersionInfo>
						<VersionInfo Name="Special">False</VersionInfo>
						<VersionInfo Name="Private">False</VersionInfo>
						<VersionInfo Name="DLL">False</VersionInfo>
						<VersionInfo Name="Locale">1049</VersionInfo>
						<VersionInfo Name="CodePage">1251</VersionInfo>
					</VersionInfo>
					<VersionInfoKeys>
						<VersionInfoKeys Name="CompanyName"/>
						<VersionInfoKeys Name="FileDescription"/>
						<VersionInfoKeys Name="FileVersion">1.0.0.0</VersionInfoKeys>
						<VersionInfoKeys Name="InternalName"/>
						<VersionInfoKeys Name="LegalCopyright"/>
						<VersionInfoKeys Name="LegalTrademarks"/>
						<VersionInfoKeys Name="OriginalFilename"/>
						<VersionInfoKeys Name="ProductName"/>
						<VersionInfoKeys Name="ProductVersion">1.0.0.0</VersionInfoKeys>
						<VersionInfoKeys Name="Comments"/>
					</VersionInfoKeys>
					<Excluded_Packages>
						<Excluded_Packages Name="$(BDSBIN)\dcldb150.bpl">Embarcadero Database Components</Excluded_Packages>
						<Excluded_Packages Name="$(BDSBIN)\dclmid150.bpl">Embarcadero MyBase DataAccess Components</Excluded_Packages>
						<Excluded_Packages Name="$(BDSBIN)\dclwbm150.bpl">Embarcadero InternetExpress Components</Excluded_Packages>
						<Excluded_Packages Name="$(BDSBIN)\dclDataSnapCommon150.bpl">Embarcadero DBExpress DataSnap Common Design package</Excluded_Packages>
						<Excluded_Packages Name="$(BDSBIN)\dcldbx150.bpl">Embarcadero dbExpress Components</Excluded_Packages>
						<Excluded_Packages Name="C:\Documents and Settings\All Users\Документы\RAD Studio\8.0\Bpl\RbControlsD6.bpl">Rb - RbControls</Excluded_Packages>
						<Excluded_Packages Name="$(BDSBIN)\svnide150.bpl">Embarcadero Subversion Integration</Excluded_Packages>
						<Excluded_Packages Name="$(BDSBIN)\dcltee9150.bpl">TeeChart Standard 9 Components</Excluded_Packages>
						<Excluded_Packages Name="$(BDSBIN)\applet150.bpl">Embarcadero Control Panel Applet Package</Excluded_Packages>
						<Excluded_Packages Name="$(BDSBIN)\dclact150.bpl">Embarcadero ActionBar Components</Excluded_Packages>
						<Excluded_Packages Name="$(BDSBIN)\dclbde150.bpl">Embarcadero BDE DB Components</Excluded_Packages>
						<Excluded_Packages Name="$(BDSBIN)\dclemacsedit150.bpl">Embarcadero Editor Emacs Enhancements</Excluded_Packages>
						<Excluded_Packages Name="$(BDSBIN)\dclmlwiz150.bpl">Embarcadero Markup Language Wizards</Excluded_Packages>
						<Excluded_Packages Name="$(BDSBIN)\dclsmpedit150.bpl">Embarcadero Editor Script Enhancements</Excluded_Packages>
						<Excluded_Packages Name="$(BDSBIN)\dcltouch150.bpl">Embarcadero Touch Components</Excluded_Packages>
						<Excluded_Packages Name="$(BDSBIN)\samplevisualizers150.bpl">Embarcadero Sample Debugger Visualizers</Excluded_Packages>
						<Excluded_Packages Name="$(BDSBIN)\dclmcn150.bpl">Embarcadero DataSnap Connection Components</Excluded_Packages>
						<Excluded_Packages Name="$(BDSBIN)\dclado150.bpl">Embarcadero ADO DB Components</Excluded_Packages>
						<Excluded_Packages Name="$(BDSBIN)\dclIndyProtocols150.bpl">Indy 10 Protocols Design Time</Excluded_Packages>
						<Excluded_Packages Name="$(BDSBIN)\dclIntraweb_110_150.bpl">VCL for the Web 11.0 Design Package for Embarcadero RAD Studio XE</Excluded_Packages>
						<Excluded_Packages Name="$(BDSBIN)\dclie150.bpl">Internet Explorer Components</Excluded_Packages>
						<Excluded_Packages Name="$(BDSBIN)\dclwebsnap150.bpl">Embarcadero WebSnap Components</Excluded_Packages>
						<Excluded_Packages Name="$(BDSBIN)\dclsoap150.bpl">Embarcadero SOAP Components</Excluded_Packages>
						<Excluded_Packages Name="$(BDSBIN)\dclribbon150.bpl">Embarcadero Ribbon Controls</Excluded_Packages>
						<Excluded_Packages Name="$(BDSBIN)\dclDataSnapIndy10ServerTransport150.bpl">Embarcadero DBExpress DataSnap Server Transport Components</Excluded_Packages>
						<Excluded_Packages Name="$(BDSBIN)\dclDataSnapProviderClient150.bpl">Embarcadero DBExpress DataSnap Provider Client Components</Excluded_Packages>
						<Excluded_Packages Name="$(BDSBIN)\dclDataSnapClient150.bpl">Embarcadero DBExpress DataSnap Client Components</Excluded_Packages>
						<Excluded_Packages Name="$(BDSBIN)\dclDataSnapServer150.bpl">Embarcadero DBExpress DataSnap Server Components</Excluded_Packages>
						<Excluded_Packages Name="$(BDSBIN)\dclWindowsAzureManagement150.bpl">Embarcadero Windows Azure management components</Excluded_Packages>
						<Excluded_Packages Name="$(BDSBIN)\dclDeployCloud150.bpl">Embarcadero Deploy to the Cloud</Excluded_Packages>
						<Excluded_Packages Name="$(BDSBIN)\dclDBXDrivers150.bpl">Embarcadero Driver Components</Excluded_Packages>
						<Excluded_Packages Name="$(BDSBIN)\dclDBXDriversEnt150.bpl">Embarcadero Enterprise Driver Components</Excluded_Packages>
						<Excluded_Packages Name="$(BDSBIN)\dcldbxcds150.bpl">Embarcadero SimpleDataset Component (DBX)</Excluded_Packages>
						<Excluded_Packages Name="C:\Documents and Settings\All Users\Документы\RAD Studio\8.0\Bpl\Jabberd10.bpl">Jabber Client</Excluded_Packages>
						<Excluded_Packages Name="C:\Documents and Settings\All Users\Документы\RAD Studio\8.0\Bpl\XMPP.bpl">(untitled)</Excluded_Packages>
						<Excluded_Packages Name="$(BDSBIN)\dcloffice2k150.bpl">Microsoft Office 2000 Sample Automation Server Wrapper Components</Excluded_Packages>
						<Excluded_Packages Name="$(BDSBIN)\dclofficexp150.bpl">Microsoft Office XP Sample Automation Server Wrapper Components</Excluded_Packages>
					</Excluded_Packages>
					<Source>
						<Source Name="MainSource">bot.dpr</Source>
					</Source>
				</Delphi.Personality>
				<Platforms>
					<Platform value="Win32">True</Platform>
				</Platforms>
			</BorlandProject>
			<ProjectFileVersion>12</ProjectFileVersion>
		</ProjectExtensions>
	</Project>
