	<Project xmlns="http://schemas.microsoft.com/developer/msbuild/2003">
		<PropertyGroup>
			<ProjectGuid>{4BE3F098-6DF2-4229-8FF0-5AE76CE48CDE}</ProjectGuid>
			<MainSource>babkg.dpr</MainSource>
			<Base>True</Base>
			<Config Condition="'$(Config)'==''">Release</Config>
			<Platform>Win32</Platform>
			<AppType>Application</AppType>
			<FrameworkType>VCL</FrameworkType>
			<DCC_DCCCompiler>DCC32</DCC_DCCCompiler>
			<ProjectVersion>12.2</ProjectVersion>
		</PropertyGroup>
		<PropertyGroup Condition="'$(Config)'=='Base' or '$(Base)'!=''">
			<Base>true</Base>
		</PropertyGroup>
		<PropertyGroup Condition="'$(Config)'=='Release' or '$(Cfg_1)'!=''">
			<Cfg_1>true</Cfg_1>
			<CfgParent>Base</CfgParent>
			<Base>true</Base>
		</PropertyGroup>
		<PropertyGroup Condition="'$(Config)'=='Debug' or '$(Cfg_2)'!=''">
			<Cfg_2>true</Cfg_2>
			<CfgParent>Base</CfgParent>
			<Base>true</Base>
		</PropertyGroup>
		<PropertyGroup Condition="'$(Base)'!=''">
			<DCC_UsePackage>rtl;vcl;RbControlsD6;vclimg;vclx;VclSmp</DCC_UsePackage>
			<DCC_SymbolReferenceInfo>1</DCC_SymbolReferenceInfo>
			<DCC_E>false</DCC_E>
			<DCC_UnitAlias>WinTypes=Windows;WinProcs=Windows;DbiTypes=BDE;DbiProcs=BDE;DbiErrs=BDE;$(DCC_UnitAlias)</DCC_UnitAlias>
			<DCC_ImageBase>00400000</DCC_ImageBase>
			<DCC_N>true</DCC_N>
			<DCC_S>false</DCC_S>
			<DCC_F>false</DCC_F>
			<DCC_K>false</DCC_K>
		</PropertyGroup>
		<PropertyGroup Condition="'$(Cfg_1)'!=''">
			<DCC_IOChecking>false</DCC_IOChecking>
			<DCC_ImportedDataReferences>false</DCC_ImportedDataReferences>
			<DCC_AssertionsAtRuntime>false</DCC_AssertionsAtRuntime>
			<BRCC_CompilerToUse>rc</BRCC_CompilerToUse>
			<DCC_LocalDebugSymbols>false</DCC_LocalDebugSymbols>
			<DCC_Define>RELEASE;$(DCC_Define)</DCC_Define>
			<DCC_SymbolReferenceInfo>0</DCC_SymbolReferenceInfo>
			<DCC_DebugInformation>false</DCC_DebugInformation>
		</PropertyGroup>
		<PropertyGroup Condition="'$(Cfg_2)'!=''">
			<DCC_Define>DEBUG;$(DCC_Define)</DCC_Define>
			<DCC_Optimize>false</DCC_Optimize>
			<DCC_GenerateStackFrames>true</DCC_GenerateStackFrames>
		</PropertyGroup>
		<ItemGroup>
			<DelphiCompile Include="babkg.dpr">
				<MainSource>MainSource</MainSource>
			</DelphiCompile>
			<DCCReference Include="Main.pas">
				<Form>KgnForm</Form>
			</DCCReference>
			<DCCReference Include="umd5.pas"/>
			<BuildConfiguration Include="Debug">
				<Key>Cfg_2</Key>
				<CfgParent>Base</CfgParent>
			</BuildConfiguration>
			<BuildConfiguration Include="Base">
				<Key>Base</Key>
			</BuildConfiguration>
			<BuildConfiguration Include="Release">
				<Key>Cfg_1</Key>
				<CfgParent>Base</CfgParent>
			</BuildConfiguration>
		</ItemGroup>
		<Import Condition="Exists('$(BDS)\Bin\CodeGear.Delphi.Targets')" Project="$(BDS)\Bin\CodeGear.Delphi.Targets"/>
		<Import Condition="Exists('$(APPDATA)\Embarcadero\$(BDSAPPDATABASEDIR)\8.0\UserTools.proj')" Project="$(APPDATA)\Embarcadero\$(BDSAPPDATABASEDIR)\8.0\UserTools.proj"/>
		<ProjectExtensions>
			<Borland.Personality>Delphi.Personality.12</Borland.Personality>
			<Borland.ProjectType/>
			<BorlandProject>
				<Delphi.Personality>
					<Source>
						<Source Name="MainSource">babkg.dpr</Source>
					</Source>
					<VersionInfo>
						<VersionInfo Name="IncludeVerInfo">False</VersionInfo>
						<VersionInfo Name="AutoIncBuild">False</VersionInfo>
						<VersionInfo Name="MajorVer">1</VersionInfo>
						<VersionInfo Name="MinorVer">0</VersionInfo>
						<VersionInfo Name="Release">0</VersionInfo>
						<VersionInfo Name="Build">0</VersionInfo>
						<VersionInfo Name="Debug">False</VersionInfo>
						<VersionInfo Name="PreRelease">False</VersionInfo>
						<VersionInfo Name="Special">False</VersionInfo>
						<VersionInfo Name="Private">False</VersionInfo>
						<VersionInfo Name="DLL">False</VersionInfo>
						<VersionInfo Name="Locale">1049</VersionInfo>
						<VersionInfo Name="CodePage">1251</VersionInfo>
					</VersionInfo>
					<VersionInfoKeys>
						<VersionInfoKeys Name="CompanyName"/>
						<VersionInfoKeys Name="FileDescription"/>
						<VersionInfoKeys Name="FileVersion">1.0.0.0</VersionInfoKeys>
						<VersionInfoKeys Name="InternalName"/>
						<VersionInfoKeys Name="LegalCopyright"/>
						<VersionInfoKeys Name="LegalTrademarks"/>
						<VersionInfoKeys Name="OriginalFilename"/>
						<VersionInfoKeys Name="ProductName"/>
						<VersionInfoKeys Name="ProductVersion">1.0.0.0</VersionInfoKeys>
						<VersionInfoKeys Name="Comments"/>
					</VersionInfoKeys>
					<Excluded_Packages>
						<Excluded_Packages Name="$(BDSBIN)\dcldb150.bpl">Embarcadero Database Components</Excluded_Packages>
						<Excluded_Packages Name="$(BDSBIN)\dclmid150.bpl">Embarcadero MyBase DataAccess Components</Excluded_Packages>
						<Excluded_Packages Name="$(BDSBIN)\dclIndyCore150.bpl">Indy 10 Core Design Time</Excluded_Packages>
						<Excluded_Packages Name="$(BDSBIN)\dclwbm150.bpl">Embarcadero InternetExpress Components</Excluded_Packages>
						<Excluded_Packages Name="$(BDSBIN)\dclnet150.bpl">Embarcadero Internet Components</Excluded_Packages>
						<Excluded_Packages Name="$(BDSBIN)\dcldbx150.bpl">Embarcadero dbExpress Components</Excluded_Packages>
						<Excluded_Packages Name="$(BDSBIN)\dclDataSnapCommon150.bpl">Embarcadero DBExpress DataSnap Common Design package</Excluded_Packages>
						<Excluded_Packages Name="C:\Users\Public\Documents\RAD Studio\8.0\Bpl\JclBaseExpert150.bpl">JCL Package containing common units for JCL Experts</Excluded_Packages>
						<Excluded_Packages Name="C:\Users\Public\Documents\RAD Studio\8.0\Bpl\JvCoreDesign150.bpl">JVCL Core Components</Excluded_Packages>
						<Excluded_Packages Name="C:\Users\Public\Documents\RAD Studio\8.0\Bpl\JvDBDesign150.bpl">JVCL Database Components</Excluded_Packages>
						<Excluded_Packages Name="$(BDSBIN)\dclsmpedit150.bpl">Embarcadero Editor Script Enhancements</Excluded_Packages>
						<Excluded_Packages Name="$(BDSBIN)\dclIntraweb_110_150.bpl">VCL for the Web 11.0 Design Package for Embarcadero RAD Studio XE</Excluded_Packages>
						<Excluded_Packages Name="C:\Users\Public\Documents\RAD Studio\8.0\Bpl\MirrorKOLPackageD12.bpl">MCK mirror controls for Delphi 12</Excluded_Packages>
						<Excluded_Packages Name="C:\Users\Public\Documents\RAD Studio\8.0\Bpl\JclDebugExpert150.bpl">JCL Debug IDE extension</Excluded_Packages>
						<Excluded_Packages Name="C:\Users\Public\Documents\RAD Studio\8.0\Bpl\JclProjectAnalysisExpert150.bpl">JCL Project Analyzer</Excluded_Packages>
						<Excluded_Packages Name="C:\Users\Public\Documents\RAD Studio\8.0\Bpl\JclFavoriteFoldersExpert150.bpl">JCL Open and Save IDE dialogs with favorite folders</Excluded_Packages>
						<Excluded_Packages Name="C:\Users\Public\Documents\RAD Studio\8.0\Bpl\JclRepositoryExpert150.bpl">JCL Package containing repository wizards</Excluded_Packages>
						<Excluded_Packages Name="C:\Users\Public\Documents\RAD Studio\8.0\Bpl\JclSIMDViewExpert150.bpl">JCL Debug Window of XMM registers</Excluded_Packages>
						<Excluded_Packages Name="C:\Users\Public\Documents\RAD Studio\8.0\Bpl\JclStackTraceViewerExpert150.bpl">JCL Stack Trace Viewer</Excluded_Packages>
						<Excluded_Packages Name="C:\Users\Public\Documents\RAD Studio\8.0\Bpl\JvAppFrmDesign150.bpl">JVCL Application and Form Components</Excluded_Packages>
						<Excluded_Packages Name="C:\Users\Public\Documents\RAD Studio\8.0\Bpl\JvBandsDesign150.bpl">JVCL Band Objects</Excluded_Packages>
						<Excluded_Packages Name="C:\Users\Public\Documents\RAD Studio\8.0\Bpl\JvCmpDesign150.bpl">JVCL Non-Visual Components</Excluded_Packages>
						<Excluded_Packages Name="C:\Users\Public\Documents\RAD Studio\8.0\Bpl\JvControlsDesign150.bpl">JVCL Visual Controls</Excluded_Packages>
						<Excluded_Packages Name="C:\Users\Public\Documents\RAD Studio\8.0\Bpl\JvCryptDesign150.bpl">JVCL Encryption and Compression</Excluded_Packages>
						<Excluded_Packages Name="C:\Users\Public\Documents\RAD Studio\8.0\Bpl\JvCustomDesign150.bpl">JVCL Custom Controls</Excluded_Packages>
						<Excluded_Packages Name="C:\Users\Public\Documents\RAD Studio\8.0\Bpl\JvDlgsDesign150.bpl">JVCL Dialog Components</Excluded_Packages>
						<Excluded_Packages Name="C:\Users\Public\Documents\RAD Studio\8.0\Bpl\JvDockingDesign150.bpl">JVCL Docking Components</Excluded_Packages>
						<Excluded_Packages Name="C:\Users\Public\Documents\RAD Studio\8.0\Bpl\JvDotNetCtrlsDesign150.bpl">JVCL DotNet Controls</Excluded_Packages>
						<Excluded_Packages Name="C:\Users\Public\Documents\RAD Studio\8.0\Bpl\JvGlobusDesign150.bpl">JVCL Globus Components</Excluded_Packages>
						<Excluded_Packages Name="C:\Users\Public\Documents\RAD Studio\8.0\Bpl\JvHMIDesign150.bpl">JVCL HMI Controls</Excluded_Packages>
						<Excluded_Packages Name="C:\Users\Public\Documents\RAD Studio\8.0\Bpl\JvJansDesign150.bpl">JVCL Jans Components</Excluded_Packages>
						<Excluded_Packages Name="C:\Users\Public\Documents\RAD Studio\8.0\Bpl\JvManagedThreadsDesign150.bpl">JVCL Managed Threads</Excluded_Packages>
						<Excluded_Packages Name="C:\Users\Public\Documents\RAD Studio\8.0\Bpl\JvMMDesign150.bpl">JVCL Multimedia and Image Components</Excluded_Packages>
						<Excluded_Packages Name="C:\Users\Public\Documents\RAD Studio\8.0\Bpl\JvNetDesign150.bpl">JVCL Network Components</Excluded_Packages>
						<Excluded_Packages Name="C:\Users\Public\Documents\RAD Studio\8.0\Bpl\JvPageCompsDesign150.bpl">JVCL Page Style Components</Excluded_Packages>
						<Excluded_Packages Name="C:\Users\Public\Documents\RAD Studio\8.0\Bpl\JvPascalInterpreterDesign150.bpl">JVCL Interpreter Components</Excluded_Packages>
						<Excluded_Packages Name="C:\Users\Public\Documents\RAD Studio\8.0\Bpl\JvPluginSystemDesign150.bpl">JVCL Plugin Components</Excluded_Packages>
						<Excluded_Packages Name="C:\Users\Public\Documents\RAD Studio\8.0\Bpl\JvPrintPreviewDesign150.bpl">JVCL Print Preview Components</Excluded_Packages>
						<Excluded_Packages Name="C:\Users\Public\Documents\RAD Studio\8.0\Bpl\JvRuntimeDesignDesign150.bpl">JVCL Runtime Design Components</Excluded_Packages>
						<Excluded_Packages Name="C:\Users\Public\Documents\RAD Studio\8.0\Bpl\JvStdCtrlsDesign150.bpl">JVCL Standard Controls</Excluded_Packages>
						<Excluded_Packages Name="C:\Users\Public\Documents\RAD Studio\8.0\Bpl\JvSystemDesign150.bpl">JVCL System Components</Excluded_Packages>
						<Excluded_Packages Name="C:\Users\Public\Documents\RAD Studio\8.0\Bpl\JvTimeFrameworkDesign150.bpl">JVCL Time Framework</Excluded_Packages>
						<Excluded_Packages Name="C:\Users\Public\Documents\RAD Studio\8.0\Bpl\JvWizardsDesign150.bpl">JVCL Wizard</Excluded_Packages>
						<Excluded_Packages Name="C:\Users\Public\Documents\RAD Studio\8.0\Bpl\JvXPCtrlsDesign150.bpl">JVCL XP Controls</Excluded_Packages>
						<Excluded_Packages Name="$(BDSBIN)\dclemacsedit150.bpl">Embarcadero Editor Emacs Enhancements</Excluded_Packages>
						<Excluded_Packages Name="$(BDSBIN)\dclmlwiz150.bpl">Embarcadero Markup Language Wizards</Excluded_Packages>
						<Excluded_Packages Name="$(BDSBIN)\samplevisualizers150.bpl">Embarcadero Sample Debugger Visualizers</Excluded_Packages>
						<Excluded_Packages Name="$(BDSBIN)\dclDBXDrivers150.bpl">Embarcadero Driver Components</Excluded_Packages>
						<Excluded_Packages Name="$(BDSBIN)\dclDBXDriversEnt150.bpl">Embarcadero Enterprise Driver Components</Excluded_Packages>
						<Excluded_Packages Name="$(BDSBIN)\applet150.bpl">Embarcadero Control Panel Applet Package</Excluded_Packages>
						<Excluded_Packages Name="C:\Users\Public\Documents\RAD Studio\8.0\Bpl\JvBDEDesign150.bpl">JVCL BDE Components</Excluded_Packages>
						<Excluded_Packages Name="$(BDSBIN)\dclribbon150.bpl">Embarcadero Ribbon Controls</Excluded_Packages>
						<Excluded_Packages Name="$(BDS)\RaveReports\Lib\dclRave.bpl">Rave Reports 9.0 BE Package</Excluded_Packages>
						<Excluded_Packages Name="$(BDSBIN)\svnide150.bpl">Embarcadero Subversion Integration</Excluded_Packages>
						<Excluded_Packages Name="$(BDSBIN)\dcltee9150.bpl">TeeChart Standard 9 Components</Excluded_Packages>
						<Excluded_Packages Name="$(BDSBIN)\dclact150.bpl">Embarcadero ActionBar Components</Excluded_Packages>
						<Excluded_Packages Name="$(BDSBIN)\dclbde150.bpl">Embarcadero BDE DB Components</Excluded_Packages>
						<Excluded_Packages Name="$(BDSBIN)\dcltouch150.bpl">Embarcadero Touch Components</Excluded_Packages>
						<Excluded_Packages Name="$(BDSBIN)\dclmcn150.bpl">Embarcadero DataSnap Connection Components</Excluded_Packages>
						<Excluded_Packages Name="$(BDSBIN)\dclib150.bpl">Embarcadero InterBase Express Components</Excluded_Packages>
						<Excluded_Packages Name="$(BDSBIN)\dclado150.bpl">Embarcadero ADO DB Components</Excluded_Packages>
						<Excluded_Packages Name="$(BDSBIN)\dclIndyProtocols150.bpl">Indy 10 Protocols Design Time</Excluded_Packages>
						<Excluded_Packages Name="$(BDSBIN)\dclie150.bpl">Internet Explorer Components</Excluded_Packages>
						<Excluded_Packages Name="$(BDSBIN)\dclwebsnap150.bpl">Embarcadero WebSnap Components</Excluded_Packages>
						<Excluded_Packages Name="$(BDSBIN)\dclsoap150.bpl">Embarcadero SOAP Components</Excluded_Packages>
						<Excluded_Packages Name="$(BDSBIN)\dclDataSnapIndy10ServerTransport150.bpl">Embarcadero DBExpress DataSnap Server Transport Components</Excluded_Packages>
						<Excluded_Packages Name="$(BDSBIN)\dclDataSnapProviderClient150.bpl">Embarcadero DBExpress DataSnap Provider Client Components</Excluded_Packages>
						<Excluded_Packages Name="$(BDSBIN)\dclDataSnapClient150.bpl">Embarcadero DBExpress DataSnap Client Components</Excluded_Packages>
						<Excluded_Packages Name="$(BDSBIN)\dclDataSnapServer150.bpl">Embarcadero DBExpress DataSnap Server Components</Excluded_Packages>
						<Excluded_Packages Name="$(BDSBIN)\dclWindowsAzureManagement150.bpl">Embarcadero Windows Azure management components</Excluded_Packages>
						<Excluded_Packages Name="$(BDSBIN)\dclDeployCloud150.bpl">Embarcadero Deploy to the Cloud</Excluded_Packages>
						<Excluded_Packages Name="$(BDSBIN)\dcldbxcds150.bpl">Embarcadero SimpleDataset Component (DBX)</Excluded_Packages>
						<Excluded_Packages Name="C:\Program Files (x86)\Raize\CS4\Bin\VCL\CodeSiteExpressVcl_Design150.bpl">CodeSite Express 4.6.1</Excluded_Packages>
						<Excluded_Packages Name="$(BDSBIN)\dcloffice2k150.bpl">Microsoft Office 2000 Sample Automation Server Wrapper Components</Excluded_Packages>
						<Excluded_Packages Name="$(BDSBIN)\dclofficexp150.bpl">Microsoft Office XP Sample Automation Server Wrapper Components</Excluded_Packages>
					</Excluded_Packages>
				</Delphi.Personality>
				<Platforms>
					<Platform value="Win32">True</Platform>
				</Platforms>
			</BorlandProject>
			<ProjectFileVersion>12</ProjectFileVersion>
		</ProjectExtensions>
	</Project>
